<?xml version="1.0" encoding="utf-8"?>
<Project ToolsVersion="4.0" xmlns="http://schemas.microsoft.com/developer/msbuild/2003">
  <ItemGroup>
    <Filter Include="src">
      <UniqueIdentifier>{296a0d66-dd15-49b3-abfd-1b48f2bfb43e}</UniqueIdentifier>
    </Filter>
    <Filter Include="src\Windows">
      <UniqueIdentifier>{dde89f0a-566a-4a7a-957f-f494744e5151}</UniqueIdentifier>
    </Filter>
    <Filter Include="include">
      <UniqueIdentifier>{e70c42e2-7a64-402e-98a0-38fed91c3e53}</UniqueIdentifier>
    </Filter>
    <Filter Include="include\Windows">
      <UniqueIdentifier>{9e51fe52-f0e1-4e42-9ed8-fa871e037915}</UniqueIdentifier>
    </Filter>
  </ItemGroup>
  <ItemGroup>
    <ClInclude Include="include\Base\Common.h">
      <Filter>include</Filter>
    </ClInclude>
    <ClInclude Include="include\Base\Exception.h">
      <Filter>include</Filter>
    </ClInclude>
    <ClInclude Include="include\Base\Log.h">
      <Filter>include</Filter>
    </ClInclude>
    <ClInclude Include="include\Base\ScopeGuard.h">
      <Filter>include</Filter>
    </ClInclude>
    <ClInclude Include="include\Base\Types.h">
      <Filter>include</Filter>
    </ClInclude>
    <ClInclude Include="include\Base\Windows\Apis.h">
      <Filter>include\Windows</Filter>
    </ClInclude>
    <ClInclude Include="include\Base\Windows\Common.h">
      <Filter>include\Windows</Filter>
    </ClInclude>
    <ClInclude Include="include\Base\Time.h">
      <Filter>include</Filter>
    </ClInclude>
    <ClInclude Include="include\Base\Logger.h">
      <Filter>include</Filter>
    </ClInclude>
    <ClInclude Include="include\Base\Traits.h">
      <Filter>include</Filter>
    </ClInclude>
    <ClInclude Include="include\Base\Streamable.h">
      <Filter>include</Filter>
    </ClInclude>
    <ClInclude Include="include\Base\Throwable.h">
      <Filter>include</Filter>
    </ClInclude>
    <ClInclude Include="include\Base\Catcher.h">
      <Filter>include</Filter>
    </ClInclude>
    <ClInclude Include="include\Base\Error.h">
      <Filter>include</Filter>
    </ClInclude>
    <ClInclude Include="include\Base\Singleton.h">
      <Filter>include</Filter>
    </ClInclude>
    <ClInclude Include="stdafx.h">
      <Filter>include</Filter>
    </ClInclude>
  </ItemGroup>
  <ItemGroup>
    <ClCompile Include="src\Base\Exception.cpp">
      <Filter>src</Filter>
    </ClCompile>
    <ClCompile Include="src\Base\Log.cpp">
      <Filter>src</Filter>
    </ClCompile>
    <ClCompile Include="src\Base\Windows\Apis.cpp">
      <Filter>src\Windows</Filter>
    </ClCompile>
    <ClCompile Include="src\Base\Time.cpp">
      <Filter>src</Filter>
    </ClCompile>
    <ClCompile Include="src\Base\Logger.cpp">
      <Filter>src</Filter>
    </ClCompile>
    <ClCompile Include="src\Base\Throwable.cpp">
      <Filter>src</Filter>
    </ClCompile>
    <ClCompile Include="src\Base\Catcher.cpp">
      <Filter>src</Filter>
    </ClCompile>
    <ClCompile Include="src\Base\Error.cpp">
      <Filter>src</Filter>
    </ClCompile>
  </ItemGroup>
</Project>